// !$*UTF8*$!
{
	archiveVersion = 1;
	classes = {
	};
	objectVersion = 51;
	objects = {

/* Begin PBXBuildFile section */
		1F178AB526D676B0006AA75F /* AppDelegate.swift in Sources */ = {isa = PBXBuildFile; fileRef = 1F178AB426D676B0006AA75F /* AppDelegate.swift */; };
		1F178AB726D676B0006AA75F /* SceneDelegate.swift in Sources */ = {isa = PBXBuildFile; fileRef = 1F178AB626D676B0006AA75F /* SceneDelegate.swift */; };
		1F178ABC26D676B0006AA75F /* Main.storyboard in Resources */ = {isa = PBXBuildFile; fileRef = 1F178ABA26D676B0006AA75F /* Main.storyboard */; };
		1F178ABE26D676B1006AA75F /* Assets.xcassets in Resources */ = {isa = PBXBuildFile; fileRef = 1F178ABD26D676B1006AA75F /* Assets.xcassets */; };
		1F178AC126D676B1006AA75F /* LaunchScreen.storyboard in Resources */ = {isa = PBXBuildFile; fileRef = 1F178ABF26D676B1006AA75F /* LaunchScreen.storyboard */; };
		1F178ACB26D6BE41006AA75F /* DetailsCell.swift in Sources */ = {isa = PBXBuildFile; fileRef = 1F178AC926D6BE41006AA75F /* DetailsCell.swift */; };
		1F178ACC26D6BE41006AA75F /* DetailsCell.xib in Resources */ = {isa = PBXBuildFile; fileRef = 1F178ACA26D6BE41006AA75F /* DetailsCell.xib */; };
		1F178AD526D6C785006AA75F /* Cairo-Regular.ttf in Resources */ = {isa = PBXBuildFile; fileRef = 1F178ACE26D6C785006AA75F /* Cairo-Regular.ttf */; };
		1F178AD626D6C785006AA75F /* Cairo-Bold.ttf in Resources */ = {isa = PBXBuildFile; fileRef = 1F178ACF26D6C785006AA75F /* Cairo-Bold.ttf */; };
		1F178AD726D6C785006AA75F /* OFL.txt in Resources */ = {isa = PBXBuildFile; fileRef = 1F178AD026D6C785006AA75F /* OFL.txt */; };
		1F178AD826D6C785006AA75F /* Cairo-Black.ttf in Resources */ = {isa = PBXBuildFile; fileRef = 1F178AD126D6C785006AA75F /* Cairo-Black.ttf */; };
		1F178AD926D6C785006AA75F /* Cairo-Light.ttf in Resources */ = {isa = PBXBuildFile; fileRef = 1F178AD226D6C785006AA75F /* Cairo-Light.ttf */; };
		1F178ADA26D6C785006AA75F /* Cairo-SemiBold.ttf in Resources */ = {isa = PBXBuildFile; fileRef = 1F178AD326D6C785006AA75F /* Cairo-SemiBold.ttf */; };
		1F178ADB26D6C785006AA75F /* Cairo-ExtraLight.ttf in Resources */ = {isa = PBXBuildFile; fileRef = 1F178AD426D6C785006AA75F /* Cairo-ExtraLight.ttf */; };
		1F178ADE26D6D03E006AA75F /* HomeVC.swift in Sources */ = {isa = PBXBuildFile; fileRef = 1F178ADD26D6D03E006AA75F /* HomeVC.swift */; };
		1F178AE026D6D7BF006AA75F /* DetailsPageVC.swift in Sources */ = {isa = PBXBuildFile; fileRef = 1F178ADF26D6D7BF006AA75F /* DetailsPageVC.swift */; };
		1F178AE326D6EA0F006AA75F /* HomeModel.swift in Sources */ = {isa = PBXBuildFile; fileRef = 1F178AE226D6EA0F006AA75F /* HomeModel.swift */; };
		1F178AE626D6F3F0006AA75F /* Apiservice.swift in Sources */ = {isa = PBXBuildFile; fileRef = 1F178AE526D6F3F0006AA75F /* Apiservice.swift */; };
		1F5DE77D26D9B03100703B21 /* Loading.swift in Sources */ = {isa = PBXBuildFile; fileRef = 1F5DE77C26D9B03100703B21 /* Loading.swift */; };
		1F5DE78026D9E07300703B21 /* Ex+Image.swift in Sources */ = {isa = PBXBuildFile; fileRef = 1F5DE77F26D9E07300703B21 /* Ex+Image.swift */; };
		9E78952ECC15243FAAED93AD /* Pods_TasKClicks.framework in Frameworks */ = {isa = PBXBuildFile; fileRef = 8B3369286F5D9F21EED70302 /* Pods_TasKClicks.framework */; };
/* End PBXBuildFile section */

/* Begin PBXFileReference section */
		1F178AB126D676B0006AA75F /* TasKClicks.app */ = {isa = PBXFileReference; explicitFileType = wrapper.application; includeInIndex = 0; path = TasKClicks.app; sourceTree = BUILT_PRODUCTS_DIR; };
		1F178AB426D676B0006AA75F /* AppDelegate.swift */ = {isa = PBXFileReference; lastKnownFileType = sourcecode.swift; path = AppDelegate.swift; sourceTree = "<group>"; };
		1F178AB626D676B0006AA75F /* SceneDelegate.swift */ = {isa = PBXFileReference; lastKnownFileType = sourcecode.swift; path = SceneDelegate.swift; sourceTree = "<group>"; };
		1F178ABB26D676B0006AA75F /* Base */ = {isa = PBXFileReference; lastKnownFileType = file.storyboard; name = Base; path = Base.lproj/Main.storyboard; sourceTree = "<group>"; };
		1F178ABD26D676B1006AA75F /* Assets.xcassets */ = {isa = PBXFileReference; lastKnownFileType = folder.assetcatalog; path = Assets.xcassets; sourceTree = "<group>"; };
		1F178AC026D676B1006AA75F /* Base */ = {isa = PBXFileReference; lastKnownFileType = file.storyboard; name = Base; path = Base.lproj/LaunchScreen.storyboard; sourceTree = "<group>"; };
		1F178AC226D676B1006AA75F /* Info.plist */ = {isa = PBXFileReference; lastKnownFileType = text.plist.xml; path = Info.plist; sourceTree = "<group>"; };
		1F178AC926D6BE41006AA75F /* DetailsCell.swift */ = {isa = PBXFileReference; lastKnownFileType = sourcecode.swift; path = DetailsCell.swift; sourceTree = "<group>"; };
		1F178ACA26D6BE41006AA75F /* DetailsCell.xib */ = {isa = PBXFileReference; lastKnownFileType = file.xib; path = DetailsCell.xib; sourceTree = "<group>"; };
		1F178ACE26D6C785006AA75F /* Cairo-Regular.ttf */ = {isa = PBXFileReference; lastKnownFileType = file; path = "Cairo-Regular.ttf"; sourceTree = "<group>"; };
		1F178ACF26D6C785006AA75F /* Cairo-Bold.ttf */ = {isa = PBXFileReference; lastKnownFileType = file; path = "Cairo-Bold.ttf"; sourceTree = "<group>"; };
		1F178AD026D6C785006AA75F /* OFL.txt */ = {isa = PBXFileReference; fileEncoding = 4; lastKnownFileType = text; path = OFL.txt; sourceTree = "<group>"; };
		1F178AD126D6C785006AA75F /* Cairo-Black.ttf */ = {isa = PBXFileReference; lastKnownFileType = file; path = "Cairo-Black.ttf"; sourceTree = "<group>"; };
		1F178AD226D6C785006AA75F /* Cairo-Light.ttf */ = {isa = PBXFileReference; lastKnownFileType = file; path = "Cairo-Light.ttf"; sourceTree = "<group>"; };
		1F178AD326D6C785006AA75F /* Cairo-SemiBold.ttf */ = {isa = PBXFileReference; lastKnownFileType = file; path = "Cairo-SemiBold.ttf"; sourceTree = "<group>"; };
		1F178AD426D6C785006AA75F /* Cairo-ExtraLight.ttf */ = {isa = PBXFileReference; lastKnownFileType = file; path = "Cairo-ExtraLight.ttf"; sourceTree = "<group>"; };
		1F178ADD26D6D03E006AA75F /* HomeVC.swift */ = {isa = PBXFileReference; lastKnownFileType = sourcecode.swift; path = HomeVC.swift; sourceTree = "<group>"; };
		1F178ADF26D6D7BF006AA75F /* DetailsPageVC.swift */ = {isa = PBXFileReference; lastKnownFileType = sourcecode.swift; path = DetailsPageVC.swift; sourceTree = "<group>"; };
		1F178AE226D6EA0F006AA75F /* HomeModel.swift */ = {isa = PBXFileReference; lastKnownFileType = sourcecode.swift; path = HomeModel.swift; sourceTree = "<group>"; };
		1F178AE526D6F3F0006AA75F /* Apiservice.swift */ = {isa = PBXFileReference; lastKnownFileType = sourcecode.swift; path = Apiservice.swift; sourceTree = "<group>"; };
		1F5DE77C26D9B03100703B21 /* Loading.swift */ = {isa = PBXFileReference; lastKnownFileType = sourcecode.swift; path = Loading.swift; sourceTree = "<group>"; };
		1F5DE77F26D9E07300703B21 /* Ex+Image.swift */ = {isa = PBXFileReference; lastKnownFileType = sourcecode.swift; path = "Ex+Image.swift"; sourceTree = "<group>"; };
		8B3369286F5D9F21EED70302 /* Pods_TasKClicks.framework */ = {isa = PBXFileReference; explicitFileType = wrapper.framework; includeInIndex = 0; path = Pods_TasKClicks.framework; sourceTree = BUILT_PRODUCTS_DIR; };
		DCA61B7AD6C677DA0A14041B /* Pods-TasKClicks.release.xcconfig */ = {isa = PBXFileReference; includeInIndex = 1; lastKnownFileType = text.xcconfig; name = "Pods-TasKClicks.release.xcconfig"; path = "Target Support Files/Pods-TasKClicks/Pods-TasKClicks.release.xcconfig"; sourceTree = "<group>"; };
		DF2C1E44DFA43C71148FF87A /* Pods-TasKClicks.debug.xcconfig */ = {isa = PBXFileReference; includeInIndex = 1; lastKnownFileType = text.xcconfig; name = "Pods-TasKClicks.debug.xcconfig"; path = "Target Support Files/Pods-TasKClicks/Pods-TasKClicks.debug.xcconfig"; sourceTree = "<group>"; };
/* End PBXFileReference section */

/* Begin PBXFrameworksBuildPhase section */
		1F178AAE26D676B0006AA75F /* Frameworks */ = {
			isa = PBXFrameworksBuildPhase;
			buildActionMask = 2147483647;
			files = (
				9E78952ECC15243FAAED93AD /* Pods_TasKClicks.framework in Frameworks */,
			);
			runOnlyForDeploymentPostprocessing = 0;
		};
/* End PBXFrameworksBuildPhase section */

/* Begin PBXGroup section */
		1F178AA826D676AF006AA75F = {
			isa = PBXGroup;
			children = (
				1F178AB326D676B0006AA75F /* TasKClicks */,
				1F178AE126D6E9F6006AA75F /* Model */,
				1F5DE77E26D9BAFC00703B21 /* View */,
				1F178AC826D6BD92006AA75F /* cells */,
				1F178ADC26D6D00E006AA75F /* Controller */,
				1F178AE426D6F3B8006AA75F /* extensions */,
				1F178ACD26D6C748006AA75F /* fonts */,
				1F178AB226D676B0006AA75F /* Products */,
				73ADF881770776B84E8312C3 /* Pods */,
				406A1C4962095D3F1946FAF5 /* Frameworks */,
			);
			sourceTree = "<group>";
		};
		1F178AB226D676B0006AA75F /* Products */ = {
			isa = PBXGroup;
			children = (
				1F178AB126D676B0006AA75F /* TasKClicks.app */,
			);
			name = Products;
			sourceTree = "<group>";
		};
		1F178AB326D676B0006AA75F /* TasKClicks */ = {
			isa = PBXGroup;
			children = (
				1F178AB426D676B0006AA75F /* AppDelegate.swift */,
				1F178AB626D676B0006AA75F /* SceneDelegate.swift */,
				1F178ABD26D676B1006AA75F /* Assets.xcassets */,
				1F178ABF26D676B1006AA75F /* LaunchScreen.storyboard */,
				1F178AC226D676B1006AA75F /* Info.plist */,
			);
			path = TasKClicks;
			sourceTree = "<group>";
		};
		1F178AC826D6BD92006AA75F /* cells */ = {
			isa = PBXGroup;
			children = (
				1F178AC926D6BE41006AA75F /* DetailsCell.swift */,
				1F178ACA26D6BE41006AA75F /* DetailsCell.xib */,
			);
			path = cells;
			sourceTree = "<group>";
		};
		1F178ACD26D6C748006AA75F /* fonts */ = {
			isa = PBXGroup;
			children = (
				1F178AD126D6C785006AA75F /* Cairo-Black.ttf */,
				1F178ACF26D6C785006AA75F /* Cairo-Bold.ttf */,
				1F178AD426D6C785006AA75F /* Cairo-ExtraLight.ttf */,
				1F178AD226D6C785006AA75F /* Cairo-Light.ttf */,
				1F178ACE26D6C785006AA75F /* Cairo-Regular.ttf */,
				1F178AD326D6C785006AA75F /* Cairo-SemiBold.ttf */,
				1F178AD026D6C785006AA75F /* OFL.txt */,
			);
			path = fonts;
			sourceTree = "<group>";
		};
		1F178ADC26D6D00E006AA75F /* Controller */ = {
			isa = PBXGroup;
			children = (
				1F178ADD26D6D03E006AA75F /* HomeVC.swift */,
				1F178ADF26D6D7BF006AA75F /* DetailsPageVC.swift */,
			);
			path = Controller;
			sourceTree = "<group>";
		};
		1F178AE126D6E9F6006AA75F /* Model */ = {
			isa = PBXGroup;
			children = (
				1F178AE226D6EA0F006AA75F /* HomeModel.swift */,
			);
			path = Model;
			sourceTree = "<group>";
		};
		1F178AE426D6F3B8006AA75F /* extensions */ = {
			isa = PBXGroup;
			children = (
				1F178AE526D6F3F0006AA75F /* Apiservice.swift */,
				1F5DE77C26D9B03100703B21 /* Loading.swift */,
				1F5DE77F26D9E07300703B21 /* Ex+Image.swift */,
			);
			name = extensions;
			path = fonts/extensions;
			sourceTree = "<group>";
		};
		1F5DE77E26D9BAFC00703B21 /* View */ = {
			isa = PBXGroup;
			children = (
				1F178ABA26D676B0006AA75F /* Main.storyboard */,
			);
			path = View;
			sourceTree = "<group>";
		};
		406A1C4962095D3F1946FAF5 /* Frameworks */ = {
			isa = PBXGroup;
			children = (
				8B3369286F5D9F21EED70302 /* Pods_TasKClicks.framework */,
			);
			name = Frameworks;
			sourceTree = "<group>";
		};
		73ADF881770776B84E8312C3 /* Pods */ = {
			isa = PBXGroup;
			children = (
				DF2C1E44DFA43C71148FF87A /* Pods-TasKClicks.debug.xcconfig */,
				DCA61B7AD6C677DA0A14041B /* Pods-TasKClicks.release.xcconfig */,
			);
			path = Pods;
			sourceTree = "<group>";
		};
/* End PBXGroup section */

/* Begin PBXNativeTarget section */
		1F178AB026D676B0006AA75F /* TasKClicks */ = {
			isa = PBXNativeTarget;
			buildConfigurationList = 1F178AC526D676B1006AA75F /* Build configuration list for PBXNativeTarget "TasKClicks" */;
			buildPhases = (
				A25F577C56AF81B22D511DB8 /* [CP] Check Pods Manifest.lock */,
				1F178AAD26D676B0006AA75F /* Sources */,
				1F178AAE26D676B0006AA75F /* Frameworks */,
				1F178AAF26D676B0006AA75F /* Resources */,
				0789D6C6945087A63B4A7A69 /* [CP] Embed Pods Frameworks */,
			);
			buildRules = (
			);
			dependencies = (
			);
			name = TasKClicks;
			productName = TasKClicks;
			productReference = 1F178AB126D676B0006AA75F /* TasKClicks.app */;
			productType = "com.apple.product-type.application";
		};
/* End PBXNativeTarget section */

/* Begin PBXProject section */
		1F178AA926D676B0006AA75F /* Project object */ = {
			isa = PBXProject;
			attributes = {
				LastSwiftUpdateCheck = 1250;
				LastUpgradeCheck = 1250;
				TargetAttributes = {
					1F178AB026D676B0006AA75F = {
						CreatedOnToolsVersion = 12.5;
					};
				};
			};
			buildConfigurationList = 1F178AAC26D676B0006AA75F /* Build configuration list for PBXProject "TasKClicks" */;
			compatibilityVersion = "Xcode 9.3";
			developmentRegion = en;
			hasScannedForEncodings = 0;
			knownRegions = (
				en,
				Base,
			);
			mainGroup = 1F178AA826D676AF006AA75F;
			productRefGroup = 1F178AB226D676B0006AA75F /* Products */;
			projectDirPath = "";
			projectRoot = "";
			targets = (
				1F178AB026D676B0006AA75F /* TasKClicks */,
			);
		};
/* End PBXProject section */

/* Begin PBXResourcesBuildPhase section */
		1F178AAF26D676B0006AA75F /* Resources */ = {
			isa = PBXResourcesBuildPhase;
			buildActionMask = 2147483647;
			files = (
				1F178AD726D6C785006AA75F /* OFL.txt in Resources */,
				1F178ADB26D6C785006AA75F /* Cairo-ExtraLight.ttf in Resources */,
				1F178AC126D676B1006AA75F /* LaunchScreen.storyboard in Resources */,
				1F178ADA26D6C785006AA75F /* Cairo-SemiBold.ttf in Resources */,
				1F178ABE26D676B1006AA75F /* Assets.xcassets in Resources */,
				1F178AD826D6C785006AA75F /* Cairo-Black.ttf in Resources */,
				1F178ACC26D6BE41006AA75F /* DetailsCell.xib in Resources */,
				1F178ABC26D676B0006AA75F /* Main.storyboard in Resources */,
				1F178AD626D6C785006AA75F /* Cairo-Bold.ttf in Resources */,
				1F178AD926D6C785006AA75F /* Cairo-Light.ttf in Resources */,
				1F178AD526D6C785006AA75F /* Cairo-Regular.ttf in Resources */,
			);
			runOnlyForDeploymentPostprocessing = 0;
		};
/* End PBXResourcesBuildPhase section */

/* Begin PBXShellScriptBuildPhase section */
		0789D6C6945087A63B4A7A69 /* [CP] Embed Pods Frameworks */ = {
			isa = PBXShellScriptBuildPhase;
			buildActionMask = 2147483647;
			files = (
			);
			inputFileListPaths = (
				"${PODS_ROOT}/Target Support Files/Pods-TasKClicks/Pods-TasKClicks-frameworks-${CONFIGURATION}-input-files.xcfilelist",
			);
			name = "[CP] Embed Pods Frameworks";
			outputFileListPaths = (
				"${PODS_ROOT}/Target Support Files/Pods-TasKClicks/Pods-TasKClicks-frameworks-${CONFIGURATION}-output-files.xcfilelist",
			);
			runOnlyForDeploymentPostprocessing = 0;
			shellPath = /bin/sh;
			shellScript = "\"${PODS_ROOT}/Target Support Files/Pods-TasKClicks/Pods-TasKClicks-frameworks.sh\"\n";
			showEnvVarsInLog = 0;
		};
		A25F577C56AF81B22D511DB8 /* [CP] Check Pods Manifest.lock */ = {
			isa = PBXShellScriptBuildPhase;
			buildActionMask = 2147483647;
			files = (
			);
			inputFileListPaths = (
			);
			inputPaths = (
				"${PODS_PODFILE_DIR_PATH}/Podfile.lock",
				"${PODS_ROOT}/Manifest.lock",
			);
			name = "[CP] Check Pods Manifest.lock";
			outputFileListPaths = (
			);
			outputPaths = (
				"$(DERIVED_FILE_DIR)/Pods-TasKClicks-checkManifestLockResult.txt",
			);
			runOnlyForDeploymentPostprocessing = 0;
			shellPath = /bin/sh;
			shellScript = "diff \"${PODS_PODFILE_DIR_PATH}/Podfile.lock\" \"${PODS_ROOT}/Manifest.lock\" > /dev/null\nif [ $? != 0 ] ; then\n    # print error to STDERR\n    echo \"error: The sandbox is not in sync with the Podfile.lock. Run 'pod install' or update your CocoaPods installation.\" >&2\n    exit 1\nfi\n# This output is used by Xcode 'outputs' to avoid re-running this script phase.\necho \"SUCCESS\" > \"${SCRIPT_OUTPUT_FILE_0}\"\n";
			showEnvVarsInLog = 0;
		};
/* End PBXShellScriptBuildPhase section */

/* Begin PBXSourcesBuildPhase section */
		1F178AAD26D676B0006AA75F /* Sources */ = {
			isa = PBXSourcesBuildPhase;
			buildActionMask = 2147483647;
			files = (
				1F178AE026D6D7BF006AA75F /* DetailsPageVC.swift in Sources */,
				1F178ADE26D6D03E006AA75F /* HomeVC.swift in Sources */,
				1F178AE326D6EA0F006AA75F /* HomeModel.swift in Sources */,
				1F178AB526D676B0006AA75F /* AppDelegate.swift in Sources */,
				1F178ACB26D6BE41006AA75F /* DetailsCell.swift in Sources */,
				1F178AE626D6F3F0006AA75F /* Apiservice.swift in Sources */,
				1F5DE77D26D9B03100703B21 /* Loading.swift in Sources */,
				1F5DE78026D9E07300703B21 /* Ex+Image.swift in Sources */,
				1F178AB726D676B0006AA75F /* SceneDelegate.swift in Sources */,
			);
			runOnlyForDeploymentPostprocessing = 0;
		};
/* End PBXSourcesBuildPhase section */

/* Begin PBXVariantGroup section */
		1F178ABA26D676B0006AA75F /* Main.storyboard */ = {
			isa = PBXVariantGroup;
			children = (
				1F178ABB26D676B0006AA75F /* Base */,
			);
			name = Main.storyboard;
			sourceTree = "<group>";
		};
		1F178ABF26D676B1006AA75F /* LaunchScreen.storyboard */ = {
			isa = PBXVariantGroup;
			children = (
				1F178AC026D676B1006AA75F /* Base */,
			);
			name = LaunchScreen.storyboard;
			sourceTree = "<group>";
		};
/* End PBXVariantGroup section */

/* Begin XCBuildConfiguration section */
		1F178AC326D676B1006AA75F /* Debug */ = {
			isa = XCBuildConfiguration;
			buildSettings = {
				ALWAYS_SEARCH_USER_PATHS = NO;
				CLANG_ANALYZER_NONNULL = YES;
				CLANG_ANALYZER_NUMBER_OBJECT_CONVERSION = YES_AGGRESSIVE;
				CLANG_CXX_LANGUAGE_STANDARD = "gnu++14";
				CLANG_CXX_LIBRARY = "libc++";
				CLANG_ENABLE_MODULES = YES;
				CLANG_ENABLE_OBJC_ARC = YES;
				CLANG_ENABLE_OBJC_WEAK = YES;
				CLANG_WARN_BLOCK_CAPTURE_AUTORELEASING = YES;
				CLANG_WARN_BOOL_CONVERSION = YES;
				CLANG_WARN_COMMA = YES;
				CLANG_WARN_CONSTANT_CONVERSION = YES;
				CLANG_WARN_DEPRECATED_OBJC_IMPLEMENTATIONS = YES;
				CLANG_WARN_DIRECT_OBJC_ISA_USAGE = YES_ERROR;
				CLANG_WARN_DOCUMENTATION_COMMENTS = YES;
				CLANG_WARN_EMPTY_BODY = YES;
				CLANG_WARN_ENUM_CONVERSION = YES;
				CLANG_WARN_INFINITE_RECURSION = YES;
				CLANG_WARN_INT_CONVERSION = YES;
				CLANG_WARN_NON_LITERAL_NULL_CONVERSION = YES;
				CLANG_WARN_OBJC_IMPLICIT_RETAIN_SELF = YES;
				CLANG_WARN_OBJC_LITERAL_CONVERSION = YES;
				CLANG_WARN_OBJC_ROOT_CLASS = YES_ERROR;
				CLANG_WARN_QUOTED_INCLUDE_IN_FRAMEWORK_HEADER = YES;
				CLANG_WARN_RANGE_LOOP_ANALYSIS = YES;
				CLANG_WARN_STRICT_PROTOTYPES = YES;
				CLANG_WARN_SUSPICIOUS_MOVE = YES;
				CLANG_WARN_UNGUARDED_AVAILABILITY = YES_AGGRESSIVE;
				CLANG_WARN_UNREACHABLE_CODE = YES;
				CLANG_WARN__DUPLICATE_METHOD_MATCH = YES;
				COPY_PHASE_STRIP = NO;
				DEBUG_INFORMATION_FORMAT = dwarf;
				ENABLE_STRICT_OBJC_MSGSEND = YES;
				ENABLE_TESTABILITY = YES;
				GCC_C_LANGUAGE_STANDARD = gnu11;
				GCC_DYNAMIC_NO_PIC = NO;
				GCC_NO_COMMON_BLOCKS = YES;
				GCC_OPTIMIZATION_LEVEL = 0;
				GCC_PREPROCESSOR_DEFINITIONS = (
					"DEBUG=1",
					"$(inherited)",
				);
				GCC_WARN_64_TO_32_BIT_CONVERSION = YES;
				GCC_WARN_ABOUT_RETURN_TYPE = YES_ERROR;
				GCC_WARN_UNDECLARED_SELECTOR = YES;
				GCC_WARN_UNINITIALIZED_AUTOS = YES_AGGRESSIVE;
				GCC_WARN_UNUSED_FUNCTION = YES;
				GCC_WARN_UNUSED_VARIABLE = YES;
				IPHONEOS_DEPLOYMENT_TARGET = 14.5;
				MTL_ENABLE_DEBUG_INFO = INCLUDE_SOURCE;
				MTL_FAST_MATH = YES;
				ONLY_ACTIVE_ARCH = YES;
				SDKROOT = iphoneos;
				SWIFT_ACTIVE_COMPILATION_CONDITIONS = DEBUG;
				SWIFT_OPTIMIZATION_LEVEL = "-Onone";
			};
			name = Debug;
		};
		1F178AC426D676B1006AA75F /* Release */ = {
			isa = XCBuildConfiguration;
			buildSettings = {
				ALWAYS_SEARCH_USER_PATHS = NO;
				CLANG_ANALYZER_NONNULL = YES;
				CLANG_ANALYZER_NUMBER_OBJECT_CONVERSION = YES_AGGRESSIVE;
				CLANG_CXX_LANGUAGE_STANDARD = "gnu++14";
				CLANG_CXX_LIBRARY = "libc++";
				CLANG_ENABLE_MODULES = YES;
				CLANG_ENABLE_OBJC_ARC = YES;
				CLANG_ENABLE_OBJC_WEAK = YES;
				CLANG_WARN_BLOCK_CAPTURE_AUTORELEASING = YES;
				CLANG_WARN_BOOL_CONVERSION = YES;
				CLANG_WARN_COMMA = YES;
				CLANG_WARN_CONSTANT_CONVERSION = YES;
				CLANG_WARN_DEPRECATED_OBJC_IMPLEMENTATIONS = YES;
				CLANG_WARN_DIRECT_OBJC_ISA_USAGE = YES_ERROR;
				CLANG_WARN_DOCUMENTATION_COMMENTS = YES;
				CLANG_WARN_EMPTY_BODY = YES;
				CLANG_WARN_ENUM_CONVERSION = YES;
				CLANG_WARN_INFINITE_RECURSION = YES;
				CLANG_WARN_INT_CONVERSION = YES;
				CLANG_WARN_NON_LITERAL_NULL_CONVERSION = YES;
				CLANG_WARN_OBJC_IMPLICIT_RETAIN_SELF = YES;
				CLANG_WARN_OBJC_LITERAL_CONVERSION = YES;
				CLANG_WARN_OBJC_ROOT_CLASS = YES_ERROR;
				CLANG_WARN_QUOTED_INCLUDE_IN_FRAMEWORK_HEADER = YES;
				CLANG_WARN_RANGE_LOOP_ANALYSIS = YES;
				CLANG_WARN_STRICT_PROTOTYPES = YES;
				CLANG_WARN_SUSPICIOUS_MOVE = YES;
				CLANG_WARN_UNGUARDED_AVAILABILITY = YES_AGGRESSIVE;
				CLANG_WARN_UNREACHABLE_CODE = YES;
				CLANG_WARN__DUPLICATE_METHOD_MATCH = YES;
				COPY_PHASE_STRIP = NO;
				DEBUG_INFORMATION_FORMAT = "dwarf-with-dsym";
				ENABLE_NS_ASSERTIONS = NO;
				ENABLE_STRICT_OBJC_MSGSEND = YES;
				GCC_C_LANGUAGE_STANDARD = gnu11;
				GCC_NO_COMMON_BLOCKS = YES;
				GCC_WARN_64_TO_32_BIT_CONVERSION = YES;
				GCC_WARN_ABOUT_RETURN_TYPE = YES_ERROR;
				GCC_WARN_UNDECLARED_SELECTOR = YES;
				GCC_WARN_UNINITIALIZED_AUTOS = YES_AGGRESSIVE;
				GCC_WARN_UNUSED_FUNCTION = YES;
				GCC_WARN_UNUSED_VARIABLE = YES;
				IPHONEOS_DEPLOYMENT_TARGET = 14.5;
				MTL_ENABLE_DEBUG_INFO = NO;
				MTL_FAST_MATH = YES;
				SDKROOT = iphoneos;
				SWIFT_COMPILATION_MODE = wholemodule;
				SWIFT_OPTIMIZATION_LEVEL = "-O";
				VALIDATE_PRODUCT = YES;
			};
			name = Release;
		};
		1F178AC626D676B1006AA75F /* Debug */ = {
			isa = XCBuildConfiguration;
			baseConfigurationReference = DF2C1E44DFA43C71148FF87A /* Pods-TasKClicks.debug.xcconfig */;
			buildSettings = {
				ASSETCATALOG_COMPILER_APPICON_NAME = AppIcon;
				ASSETCATALOG_COMPILER_GLOBAL_ACCENT_COLOR_NAME = AccentColor;
				CODE_SIGN_STYLE = Automatic;
				INFOPLIST_FILE = TasKClicks/Info.plist;
				LD_RUNPATH_SEARCH_PATHS = (
					"$(inherited)",
					"@executable_path/Frameworks",
				);
				PRODUCT_BUNDLE_IDENTIFIER = "-.TasKClicks";
				PRODUCT_NAME = "$(TARGET_NAME)";
				SWIFT_VERSION = 5.0;
				TARGETED_DEVICE_FAMILY = 1;
			};
			name = Debug;
		};
		1F178AC726D676B1006AA75F /* Release */ = {
			isa = XCBuildConfiguration;
			baseConfigurationReference = DCA61B7AD6C677DA0A14041B /* Pods-TasKClicks.release.xcconfig */;
			buildSettings = {
				ASSETCATALOG_COMPILER_APPICON_NAME = AppIcon;
				ASSETCATALOG_COMPILER_GLOBAL_ACCENT_COLOR_NAME = AccentColor;
				CODE_SIGN_STYLE = Automatic;
				INFOPLIST_FILE = TasKClicks/Info.plist;
				LD_RUNPATH_SEARCH_PATHS = (
					"$(inherited)",
					"@executable_path/Frameworks",
				);
				PRODUCT_BUNDLE_IDENTIFIER = "-.TasKClicks";
				PRODUCT_NAME = "$(TARGET_NAME)";
				SWIFT_VERSION = 5.0;
				TARGETED_DEVICE_FAMILY = 1;
			};
			name = Release;
		};
/* End XCBuildConfiguration section */

/* Begin XCConfigurationList section */
		1F178AAC26D676B0006AA75F /* Build configuration list for PBXProject "TasKClicks" */ = {
			isa = XCConfigurationList;
			buildConfigurations = (
				1F178AC326D676B1006AA75F /* Debug */,
				1F178AC426D676B1006AA75F /* Release */,
			);
			defaultConfigurationIsVisible = 0;
			defaultConfigurationName = Release;
		};
		1F178AC526D676B1006AA75F /* Build configuration list for PBXNativeTarget "TasKClicks" */ = {
			isa = XCConfigurationList;
			buildConfigurations = (
				1F178AC626D676B1006AA75F /* Debug */,
				1F178AC726D676B1006AA75F /* Release */,
			);
			defaultConfigurationIsVisible = 0;
			defaultConfigurationName = Release;
		};
/* End XCConfigurationList section */
	};
	rootObject = 1F178AA926D676B0006AA75F /* Project object */;
}
